
Microsoft Visual Studio Solution File, Format Version 12.00
# Visual Studio Version 16
VisualStudioVersion = 16.0.31313.79
MinimumVisualStudioVersion = 10.0.40219.1
Project("{FAE04EC0-301F-11D3-BF4B-00C04F79EFBC}") = "Address", "Address\Address.csproj", "{41BF31BC-8065-4683-83D4-0FFCB78B6520}"
EndProject
Global
	GlobalSection(SolutionConfigurationPlatforms) = preSolution
		Debug|Any CPU = Debug|Any CPU
		Release|Any CPU = Release|Any CPU
	EndGlobalSection
	GlobalSection(ProjectConfigurationPlatforms) = postSolution
		{41BF31BC-8065-4683-83D4-0FFCB78B6520}.Debug|Any CPU.ActiveCfg = Debug|Any CPU
		{41BF31BC-8065-4683-83D4-0FFCB78B6520}.Debug|Any CPU.Build.0 = Debug|Any CPU
		{41BF31BC-8065-4683-83D4-0FFCB78B6520}.Release|Any CPU.ActiveCfg = Release|Any CPU
		{41BF31BC-8065-4683-83D4-0FFCB78B6520}.Release|Any CPU.Build.0 = Release|Any CPU
	EndGlobalSection
	GlobalSection(SolutionProperties) = preSolution
		HideSolutionNode = FALSE
	EndGlobalSection
	GlobalSection(ExtensibilityGlobals) = postSolution
		SolutionGuid = {B96C7F1D-4375-4BBE-9922-400B8A50AD6A}
	EndGlobalSection
EndGlobal
